{
  "projects": [
    {
      "projectId": "7iST1GVY7MEDdpjnrPuCNJ",
      "version": "latest",
      "dependencies": {},
      "lang": "ts",
      "fileLocks": [
        {
          "type": "globalVariant",
          "assetId": "hT8MQVJo0quvrA",
          "checksum": "8c18828c40980db4a381eb2978e74feb"
        },
        {
          "type": "globalVariant",
          "assetId": "ofHpmwvhGp",
          "checksum": "81d18d798310b83449c71c65e268f77c"
        },
        {
          "type": "globalVariant",
          "assetId": "VFMDHKv5J5",
          "checksum": "436d06c85aa30fb5e770603bc127fab3"
        },
        {
          "assetId": "7iST1GVY7MEDdpjnrPuCNJ",
          "type": "projectCss",
          "checksum": "63fff3193cb04cedf15e84eeeec2eee8"
        },
        {
          "type": "renderModule",
          "assetId": "IRFRdTpg57g_S",
          "checksum": "9b901547f3871e61dd6eef4cd1bfe065"
        },
        {
          "type": "cssRules",
          "assetId": "IRFRdTpg57g_S",
          "checksum": "9b901547f3871e61dd6eef4cd1bfe065"
        },
        {
          "type": "renderModule",
          "assetId": "hpLAsCB6dkK5a",
          "checksum": "3738008f35496ab2c6537758089dd0fe"
        },
        {
          "type": "cssRules",
          "assetId": "hpLAsCB6dkK5a",
          "checksum": "3738008f35496ab2c6537758089dd0fe"
        },
        {
          "type": "renderModule",
          "assetId": "a9WdLuxp3nOyM",
          "checksum": "690f82602831a1a5e8982a80feaad973"
        },
        {
          "type": "cssRules",
          "assetId": "a9WdLuxp3nOyM",
          "checksum": "690f82602831a1a5e8982a80feaad973"
        },
        {
          "type": "renderModule",
          "assetId": "JgQ-Rg7b-gm-q",
          "checksum": "1c525f145e6c555ccd5e539f5f1f829f"
        },
        {
          "type": "cssRules",
          "assetId": "JgQ-Rg7b-gm-q",
          "checksum": "1c525f145e6c555ccd5e539f5f1f829f"
        },
        {
          "type": "renderModule",
          "assetId": "u6j50Cc7C69Mc",
          "checksum": "1e879e3fb0354e38222d9f608e93853f"
        },
        {
          "type": "cssRules",
          "assetId": "u6j50Cc7C69Mc",
          "checksum": "1e879e3fb0354e38222d9f608e93853f"
        },
        {
          "type": "renderModule",
          "assetId": "IieLbHG0mDkikF",
          "checksum": "506847f5d8cb33d922477dc4f597a2f3"
        },
        {
          "type": "cssRules",
          "assetId": "IieLbHG0mDkikF",
          "checksum": "506847f5d8cb33d922477dc4f597a2f3"
        },
        {
          "type": "renderModule",
          "assetId": "mczTONmdaSY7ux",
          "checksum": "38a5608eea3e0587b42eadf239c6f8ee"
        },
        {
          "type": "cssRules",
          "assetId": "mczTONmdaSY7ux",
          "checksum": "38a5608eea3e0587b42eadf239c6f8ee"
        },
        {
          "type": "renderModule",
          "assetId": "usnjWL1GOuiDvi",
          "checksum": "3f00980d26587671669a91b4e2942d90"
        },
        {
          "type": "cssRules",
          "assetId": "usnjWL1GOuiDvi",
          "checksum": "3f00980d26587671669a91b4e2942d90"
        },
        {
          "type": "renderModule",
          "assetId": "CkEmUPzxruEP9F",
          "checksum": "e8c370a75fe301993fe839f5850b1589"
        },
        {
          "type": "cssRules",
          "assetId": "CkEmUPzxruEP9F",
          "checksum": "e8c370a75fe301993fe839f5850b1589"
        },
        {
          "type": "renderModule",
          "assetId": "MesAx4DL9ruPZI",
          "checksum": "49691433fda69f05049a4aaeb34f4929"
        },
        {
          "type": "cssRules",
          "assetId": "MesAx4DL9ruPZI",
          "checksum": "49691433fda69f05049a4aaeb34f4929"
        },
        {
          "type": "renderModule",
          "assetId": "lb5bojnzK58b1B",
          "checksum": "c98f9228466dd8cafa77d46632407d0c"
        },
        {
          "type": "cssRules",
          "assetId": "lb5bojnzK58b1B",
          "checksum": "c98f9228466dd8cafa77d46632407d0c"
        },
        {
          "type": "renderModule",
          "assetId": "M5ZDc4iM9ViXlv",
          "checksum": "3cdf0c0d67e019b6bffaf39dc749004c"
        },
        {
          "type": "cssRules",
          "assetId": "M5ZDc4iM9ViXlv",
          "checksum": "3cdf0c0d67e019b6bffaf39dc749004c"
        },
        {
          "type": "renderModule",
          "assetId": "SZDI6Gk7qxE36l",
          "checksum": "b469795ea459a7ba3408b70eb1a09dd1"
        },
        {
          "type": "cssRules",
          "assetId": "SZDI6Gk7qxE36l",
          "checksum": "b469795ea459a7ba3408b70eb1a09dd1"
        },
        {
          "type": "renderModule",
          "assetId": "t6p80aD9iXrmL1",
          "checksum": "0f04efc30fa97bceb37c8ed00553c175"
        },
        {
          "type": "cssRules",
          "assetId": "t6p80aD9iXrmL1",
          "checksum": "0f04efc30fa97bceb37c8ed00553c175"
        },
        {
          "type": "renderModule",
          "assetId": "9v2sCEn_VLo5oT",
          "checksum": "69c14748aa6693292457905811b23ab4"
        },
        {
          "type": "cssRules",
          "assetId": "9v2sCEn_VLo5oT",
          "checksum": "69c14748aa6693292457905811b23ab4"
        },
        {
          "type": "renderModule",
          "assetId": "ANOtqswdhWSSRJ",
          "checksum": "3485e5ecb451dfd3f637348faaa54656"
        },
        {
          "type": "cssRules",
          "assetId": "ANOtqswdhWSSRJ",
          "checksum": "3485e5ecb451dfd3f637348faaa54656"
        },
        {
          "type": "renderModule",
          "assetId": "mWLzbPSSTAPA3o",
          "checksum": "998283bbb2fca3e1622b2d7b6ca4945d"
        },
        {
          "type": "cssRules",
          "assetId": "mWLzbPSSTAPA3o",
          "checksum": "998283bbb2fca3e1622b2d7b6ca4945d"
        },
        {
          "type": "renderModule",
          "assetId": "KJYtvCPlclhqe6",
          "checksum": "42b4cb24fb50e1521851cbc881789b1a"
        },
        {
          "type": "cssRules",
          "assetId": "KJYtvCPlclhqe6",
          "checksum": "42b4cb24fb50e1521851cbc881789b1a"
        },
        {
          "type": "renderModule",
          "assetId": "k6Lj4YrC8Z8wpl",
          "checksum": "f21265ed0377b8ba57ee53ec75cf980c"
        },
        {
          "type": "cssRules",
          "assetId": "k6Lj4YrC8Z8wpl",
          "checksum": "f21265ed0377b8ba57ee53ec75cf980c"
        },
        {
          "type": "renderModule",
          "assetId": "9KxG1LQhTfZ-fr",
          "checksum": "29af83daf27585b0bbd4545feed0ed5a"
        },
        {
          "type": "cssRules",
          "assetId": "9KxG1LQhTfZ-fr",
          "checksum": "29af83daf27585b0bbd4545feed0ed5a"
        },
        {
          "type": "renderModule",
          "assetId": "JfbLrw7cZCfTIu",
          "checksum": "0392272631d78b1b78835a11ab780b56"
        },
        {
          "type": "cssRules",
          "assetId": "JfbLrw7cZCfTIu",
          "checksum": "0392272631d78b1b78835a11ab780b56"
        },
        {
          "type": "renderModule",
          "assetId": "F1kvlXh-vFtPCx",
          "checksum": "49ea924e711bfb98d36c278110bc580c"
        },
        {
          "type": "cssRules",
          "assetId": "F1kvlXh-vFtPCx",
          "checksum": "49ea924e711bfb98d36c278110bc580c"
        },
        {
          "type": "renderModule",
          "assetId": "eq9Yo2T0akMzRJ",
          "checksum": "b2c83ca63630507ccf1667793a6fdde9"
        },
        {
          "type": "cssRules",
          "assetId": "eq9Yo2T0akMzRJ",
          "checksum": "b2c83ca63630507ccf1667793a6fdde9"
        },
        {
          "type": "renderModule",
          "assetId": "e0WvtLOnNo",
          "checksum": "b068fd599f38b38f26e0f4bb3b9a3609"
        },
        {
          "type": "cssRules",
          "assetId": "e0WvtLOnNo",
          "checksum": "b068fd599f38b38f26e0f4bb3b9a3609"
        },
        {
          "type": "renderModule",
          "assetId": "wco-GCH2Qp",
          "checksum": "92ff72360b04fc3fa5111820865fd971"
        },
        {
          "type": "cssRules",
          "assetId": "wco-GCH2Qp",
          "checksum": "92ff72360b04fc3fa5111820865fd971"
        },
        {
          "type": "icon",
          "assetId": "LSNuBBNZXUjC6e",
          "checksum": "e29af777ff014131e9152e4a9a751a4f"
        },
        {
          "type": "icon",
          "assetId": "hiG2ngn47z84iD",
          "checksum": "9b20fc384fea5f07464e572db8f430f1"
        },
        {
          "type": "icon",
          "assetId": "9_FCeluH3rGi8M",
          "checksum": "dc0d7c8e25cdf7ca4799d9011c24b0a4"
        },
        {
          "type": "icon",
          "assetId": "IL4rgxj9fK9Iod",
          "checksum": "9a27fc54491fb63225f5346218a0aa47"
        },
        {
          "type": "icon",
          "assetId": "eHDjfuXWkXvAwc",
          "checksum": "c3f075b735bc4acaa82c8423d7aaeb63"
        },
        {
          "type": "icon",
          "assetId": "g-dNP8aX8yQkVc",
          "checksum": "c7805e9d19db557fe105dfe7a918537f"
        },
        {
          "type": "icon",
          "assetId": "ycpSr62rPfk3yc",
          "checksum": "058a521463c0660d91aab1dbe7e4bfcc"
        },
        {
          "type": "icon",
          "assetId": "bqC_xznhSqB4sN",
          "checksum": "b324a67a573a589f88595b361e103f83"
        },
        {
          "type": "icon",
          "assetId": "JZ0OAPU2_6Bt2t",
          "checksum": "f55675ec7721ff9f292c20bdd40ad05e"
        },
        {
          "type": "icon",
          "assetId": "MI_pbb-Y1Pxdk-",
          "checksum": "36a9893c74cf5498bf9eac19d6a88f05"
        },
        {
          "type": "icon",
          "assetId": "U1tWtcDlzwcLPG",
          "checksum": "0a5c5668d46c8f23bb025c47834435ad"
        },
        {
          "type": "icon",
          "assetId": "Zf8yA4xNgxl6XR",
          "checksum": "19fad1da7822258614c1c6b396e23fd4"
        },
        {
          "type": "icon",
          "assetId": "q81PKpDfwuWwpW",
          "checksum": "1c194bacf10b3a0d7093e9ce1c3ec0da"
        },
        {
          "type": "icon",
          "assetId": "Nyi1NjOGHFpqXG",
          "checksum": "0b659d459679d8d00b7a4c39a835178f"
        },
        {
          "type": "icon",
          "assetId": "arDf4c3goJHKCe",
          "checksum": "e17477f721fd00f4f04538647920f064"
        },
        {
          "type": "icon",
          "assetId": "JmnmroJHCQkstv",
          "checksum": "898e755a19b89c5546bd2d8b9af2c916"
        },
        {
          "type": "icon",
          "assetId": "ge1llm3Q95",
          "checksum": "8f5c282e9bee5c3f4c9595bd2e3633c3"
        },
        {
          "type": "icon",
          "assetId": "mu_ZRWub1v",
          "checksum": "ab6ff5395f037f256f280cb7c194761d"
        },
        {
          "type": "icon",
          "assetId": "8vfqKcq9HM",
          "checksum": "40cc57288bf0cee20dfa6cce1829756f"
        },
        {
          "type": "icon",
          "assetId": "8HveAwQ1ga",
          "checksum": "6c392d1fa166c977a60da0fb2091d86b"
        },
        {
          "type": "icon",
          "assetId": "P2sxp2YEod",
          "checksum": "1d4f87072f8531a10c1cb284066195ca"
        },
        {
          "type": "icon",
          "assetId": "tCKc-By92",
          "checksum": "f17113cd11158299c3431efee586b4c2"
        },
        {
          "type": "icon",
          "assetId": "ihRk4S87I",
          "checksum": "10eaee3c5872ba285f2060f4f5624978"
        },
        {
          "type": "icon",
          "assetId": "uN0eLzMl3",
          "checksum": "0a0d7b1ea7cb4fc34898ec9dab5a82df"
        },
        {
          "type": "icon",
          "assetId": "wtfIcxMRm",
          "checksum": "d23633ed4ec0d10b36497d4cd12b727f"
        },
        {
          "type": "icon",
          "assetId": "A_2frXz1p",
          "checksum": "be15d5fbdff14315ec77e05e5a46d32e"
        },
        {
          "type": "icon",
          "assetId": "kgYwOcJGat",
          "checksum": "a028ddb72298bdd88665ac01a2e0f64d"
        },
        {
          "type": "icon",
          "assetId": "O_IQvBk0Ex",
          "checksum": "caf8f96ada9d180ff97ec524728fa4bb"
        },
        {
          "type": "icon",
          "assetId": "Ig28sg-IsK",
          "checksum": "e0f477230717f45613d6d3d0e2826825"
        },
        {
          "type": "icon",
          "assetId": "is6zIJv7P1",
          "checksum": "3d290f37c89a25a369ca0401835be18e"
        },
        {
          "type": "icon",
          "assetId": "4mTG16P1g3",
          "checksum": "19662cc4838383c537a7a0ebd37595d5"
        },
        {
          "type": "icon",
          "assetId": "2iJ2OdAjWV",
          "checksum": "ab2321af01ec5d5dacc68b56976c2c22"
        },
        {
          "type": "icon",
          "assetId": "c5agkyIrXU",
          "checksum": "7bc9c9d6a297e9f3d2a1bff9fde2d05a"
        },
        {
          "type": "icon",
          "assetId": "qj-ol9MQOa",
          "checksum": "9e5ea594432ffd8bf602bf897589849b"
        },
        {
          "type": "icon",
          "assetId": "o8cOraGh7",
          "checksum": "d0fa1e2845c91c3b99e97e437c96f128"
        },
        {
          "type": "icon",
          "assetId": "b08VtbKLSP",
          "checksum": "c0e9eaf6246fc32faf864667ff4e7a96"
        },
        {
          "type": "icon",
          "assetId": "chp6hT61Ry",
          "checksum": "b33f495b214c340f158a67cedf5addbe"
        },
        {
          "type": "image",
          "assetId": "k9ixjEwTleaSh0",
          "checksum": "2d51c90c0b5d8271773b1d4d5adb2443"
        },
        {
          "type": "image",
          "assetId": "juRmmx259yqYpa",
          "checksum": "ae99ab95ea41430bb406873a735695ee"
        },
        {
          "type": "image",
          "assetId": "itKzJaav5hnXn3",
          "checksum": "d965b75a0fbf0ab101d28e9fb7ea7f7e"
        },
        {
          "type": "image",
          "assetId": "BcZBBxj3IJeNz4",
          "checksum": "f66c881076a06a4b353a511b5d66fdde"
        },
        {
          "type": "image",
          "assetId": "Ie0UqYwJ9ex4Eh",
          "checksum": "9f7dba8abd5fdb04aa9891a24b1a679c"
        },
        {
          "type": "image",
          "assetId": "Pv9cFVpe9FVrCl",
          "checksum": "f25feeea3a1dd30de0f553639f73842f"
        },
        {
          "type": "image",
          "assetId": "pGH3XyqrOLBA5A",
          "checksum": "633a5ae459f521c4995ff42f78dbed8b"
        },
        {
          "type": "image",
          "assetId": "D4kDXw_PJAwDN8",
          "checksum": "7ce7785465c3cfc5f07a7d2fd6ef6867"
        },
        {
          "type": "image",
          "assetId": "wxp9cKZZfB8C6V",
          "checksum": "d3863bf730dbc8b77cfad74308831de9"
        },
        {
          "type": "image",
          "assetId": "X6vKd8-gV6NMdr",
          "checksum": "7e4b90ff7d1617ee14ae21a3a378ae4a"
        },
        {
          "type": "image",
          "assetId": "wja91gRP3waVhG",
          "checksum": "ed8153e35c863ae938abb4785825d7a4"
        },
        {
          "type": "image",
          "assetId": "bP82ZbLWfJBqBz",
          "checksum": "0ed23de6b008dd238532c703238b02a2"
        },
        {
          "type": "image",
          "assetId": "BZ6FizZ_bzJZQy",
          "checksum": "8948c1595e4a7b3b98a9fb7c1e4d05dc"
        },
        {
          "type": "image",
          "assetId": "ybC8WsBBHW5axr",
          "checksum": "7787319e32ba1d7ab7d0b088ac3dd317"
        },
        {
          "type": "image",
          "assetId": "-RPMHzk2f449P5",
          "checksum": "cc74730f7111d60ef25e2f04b459a2d1"
        },
        {
          "type": "image",
          "assetId": "vgOvuCYCyMaenE",
          "checksum": "4a99c03a255f71e649aa254c4751675b"
        },
        {
          "type": "image",
          "assetId": "_-b8ZS_WU9wNUb",
          "checksum": "03b16b5cda0d9405f41b9526586ffece"
        },
        {
          "type": "image",
          "assetId": "S0BqE6Y0jnmaZ2",
          "checksum": "a372bfd81f11522bce697af6d0f39782"
        },
        {
          "type": "image",
          "assetId": "2QFdqaUAHqGnGP",
          "checksum": "48d3d3516a389a0acf778d7dccfc52fc"
        },
        {
          "type": "image",
          "assetId": "qwRaJVskp_wKq8",
          "checksum": "3d078dfced96c9a3a58e67a36aad4657"
        },
        {
          "type": "image",
          "assetId": "4bsM3NcXTdO5lo",
          "checksum": "fde2585128dbbd4a4e38e8b8ea1e488f"
        },
        {
          "type": "image",
          "assetId": "PbEXMEaAmMAAqQ",
          "checksum": "7ed98f0fd10d2f6959c0b032307a5841"
        },
        {
          "type": "image",
          "assetId": "nge8vb_5lKdhkQ",
          "checksum": "a2cebe547d3669a284147bbd08747221"
        },
        {
          "type": "image",
          "assetId": "CaVlSyEFMartxU",
          "checksum": "1cfa82f36db00e2ec1cdd14a0e6bf15d"
        },
        {
          "type": "image",
          "assetId": "wtxLuam2xmP_8Q",
          "checksum": "c9306cb69b094c400231558c7ca2e995"
        },
        {
          "type": "image",
          "assetId": "PpFjiiaaiPIzN0",
          "checksum": "a0418adfde9699caf7a222c784c13c52"
        },
        {
          "type": "image",
          "assetId": "FhSVNbEaFn9HeW",
          "checksum": "d2072fb22c7fff471290e5ff34188812"
        },
        {
          "type": "image",
          "assetId": "NN5sToAZWR1Pot",
          "checksum": "249617911096ac9c27bdee833837ce55"
        },
        {
          "type": "image",
          "assetId": "widPKU0cdjNnwo",
          "checksum": "2a56037b5d8ae2590aee8f9b565f4c0c"
        },
        {
          "type": "image",
          "assetId": "TB93mKw3p5DIl4",
          "checksum": "25c4b247f569e5cb171106570bddb970"
        },
        {
          "type": "image",
          "assetId": "QUIqgg3e27huAV",
          "checksum": "64c7d884aa021e114496d1d2a7ff6c92"
        },
        {
          "type": "image",
          "assetId": "TRBReyrht-srrG",
          "checksum": "0bdac3a3cbf78f1ce8c93a3648e46682"
        },
        {
          "type": "image",
          "assetId": "t09Fxadua7muH-",
          "checksum": "a2a5a899fff008fa801c56bc77d8c609"
        },
        {
          "type": "image",
          "assetId": "EWVvj6kwLJdjNr",
          "checksum": "803dddb4d89efad34f5f094326de681c"
        },
        {
          "type": "image",
          "assetId": "c-PPdqx9JFKdQi",
          "checksum": "dc239820218a45ec2b7499dd4d79c9d0"
        },
        {
          "type": "image",
          "assetId": "a_Qo_0DUvg9x_V",
          "checksum": "32ff17c12b082a2e0b79d78c7f8e1514"
        },
        {
          "type": "image",
          "assetId": "BGuDkAvUJYgnIN",
          "checksum": "6c358f843c604771b3ed0c4a1e7e4c24"
        },
        {
          "type": "image",
          "assetId": "vSs9BjRr8DtxOT",
          "checksum": "548c82d6b905fc324407a93f62c35080"
        },
        {
          "type": "image",
          "assetId": "U1_YZKU6bPu9ZD",
          "checksum": "52c34384edc55d14ecdcd95d2f00dd54"
        },
        {
          "type": "image",
          "assetId": "QhxKGR8Ml2aDoH",
          "checksum": "eadef752c12e707be6fb15970a1eab42"
        },
        {
          "type": "image",
          "assetId": "wMnyvRieasyL7O",
          "checksum": "c0871f27c5397fdf180c6e540ed08e9d"
        },
        {
          "type": "image",
          "assetId": "fqiyRlLwj-OwIY",
          "checksum": "87e532a72c85995df91e43fa3a0d9637"
        },
        {
          "type": "image",
          "assetId": "tvaREZZYNuH05W",
          "checksum": "d05020a26e0d69fabc212fda0a2ac716"
        },
        {
          "type": "image",
          "assetId": "uMWZaegH1dF1A6",
          "checksum": "042838af9cc8111a2b0cebb85c5622ba"
        },
        {
          "type": "image",
          "assetId": "BEKIDpBWbQYCTj",
          "checksum": "2252a3153dafc3d7bfd366702783f8f1"
        },
        {
          "type": "image",
          "assetId": "p49XIsg_XkmrDk",
          "checksum": "c7692f7aa46963cc45da2d03c75c8497"
        },
        {
          "type": "image",
          "assetId": "uw1GDKOkC3Bnss",
          "checksum": "12d62315f5b89fc8739cfea9c5ccab1d"
        },
        {
          "type": "image",
          "assetId": "-AXbDUm8oANb7Z",
          "checksum": "93b6b2834f49788d6c10b1ef4e5f7f27"
        },
        {
          "type": "image",
          "assetId": "WmAhddnGC5jnxg",
          "checksum": "8e9ab011731039b4df7a145b31d9aefb"
        },
        {
          "type": "image",
          "assetId": "GLzwLx1h6PuT_I",
          "checksum": "8408fe55654912953a1c86376e77dcb2"
        },
        {
          "type": "image",
          "assetId": "41wSx959zdIldk",
          "checksum": "6b79220f77217d162ec70b2b63638730"
        },
        {
          "type": "image",
          "assetId": "csPmR0MZBaUmu5",
          "checksum": "9e934c7efcf92642332ba7238c9ddb81"
        },
        {
          "type": "image",
          "assetId": "4gZ3QGcmEpYtxA",
          "checksum": "6844b14b9a18a2755674780c7bf66bba"
        },
        {
          "type": "image",
          "assetId": "TH4fhv0QO4FDjY",
          "checksum": "d759e49f40b8f9d25a2bf31c90fd6a4c"
        },
        {
          "type": "image",
          "assetId": "q242PFqrINabg-",
          "checksum": "657f45be831a49ca5dbd15df61c7a157"
        },
        {
          "type": "image",
          "assetId": "Ybw2AK9ugiVzyb",
          "checksum": "2e3df995f8d1e527697ba5ee3328eca6"
        },
        {
          "type": "image",
          "assetId": "zvoW06ox1-qrAz",
          "checksum": "f8d36bf9aaffd07284d321f657655f35"
        },
        {
          "type": "image",
          "assetId": "bv6JkRTzfnFSbr",
          "checksum": "43efe14ffb5b40fe0854a2bf3b2ccc74"
        },
        {
          "type": "image",
          "assetId": "wX62DcXenfz-0V",
          "checksum": "c815cb42693edd526dd8a679af3ca555"
        },
        {
          "type": "image",
          "assetId": "ByrZuEkIYJQwOa",
          "checksum": "b7292f355eef3fe74c533db49643bb2c"
        },
        {
          "type": "image",
          "assetId": "jiDN4_Ui7Vg4m5",
          "checksum": "229a66f331d2261e194e23185655cc53"
        },
        {
          "type": "image",
          "assetId": "c_W-4FroUOWN1G",
          "checksum": "f8f572a3b9254203f1f5ab7686213f91"
        },
        {
          "type": "image",
          "assetId": "4iR90ctWlK8lA7",
          "checksum": "d1422a91a798cde7847cc2d87c75350c"
        },
        {
          "type": "image",
          "assetId": "WqxtEn9z-8hf-t",
          "checksum": "eb89c6822caf1b2154de447a12e64b3a"
        },
        {
          "type": "image",
          "assetId": "5pbog2bWIUlk-u",
          "checksum": "81695a108604cbff795830dc86d9597b"
        },
        {
          "type": "image",
          "assetId": "PFzYUE5VpouYNG",
          "checksum": "d57e580fb3070db56aea937351cbbf32"
        },
        {
          "type": "image",
          "assetId": "Ni1Ex_-tGec6QA",
          "checksum": "a1fd97d43e24b4669dfc10430254f1f9"
        },
        {
          "type": "image",
          "assetId": "wGC1En-TQlEbG0",
          "checksum": "cace0411775a8ed1dd70e6cf50d73f5b"
        },
        {
          "type": "image",
          "assetId": "FIHL9iviDgy3pO",
          "checksum": "df27c3a4671a779cdd7ec8c474399cb7"
        },
        {
          "type": "image",
          "assetId": "qLWACz-lZU0Ttl",
          "checksum": "48d958bff436dec6696abd7dac81118e"
        },
        {
          "type": "image",
          "assetId": "a677zgGTwVldtg",
          "checksum": "cc46dcf3da9274b9e5e002aaea295a18"
        },
        {
          "type": "image",
          "assetId": "jBs2XvbVkR8cU5",
          "checksum": "eb912d91d5485e2888a289fce2f5bb47"
        },
        {
          "type": "image",
          "assetId": "sncTcjeMS7xNTe",
          "checksum": "f5f2458a3b8fd14eca8bd6b28b8ae944"
        },
        {
          "type": "image",
          "assetId": "Ig6BXW0_nZ5fmn",
          "checksum": "9816b4faa46468412ea8497e1ec647c8"
        },
        {
          "type": "image",
          "assetId": "otTeJ-tQoy",
          "checksum": "c693dd6a7db676a473c3357f0454e0e9"
        },
        {
          "type": "image",
          "assetId": "75-VwIbSsL",
          "checksum": "96f7d51c4267fd4da2500c72c16c0fd8"
        },
        {
          "type": "image",
          "assetId": "MeUToazZ03",
          "checksum": "77c1cedf2da48b9e23109eb921613219"
        },
        {
          "type": "image",
          "assetId": "P-iHjdhT0O",
          "checksum": "b78cbe24ecbf5e83ea60b48ab10bc934"
        },
        {
          "type": "image",
          "assetId": "H2ZF5Xcd7U",
          "checksum": "f886263a6563ec031911a8ce6c9835d8"
        },
        {
          "type": "image",
          "assetId": "Z1mbYFdFKl",
          "checksum": "851d31c3472afed358f71e3131daced9"
        },
        {
          "type": "image",
          "assetId": "NxybGqdRy3",
          "checksum": "d7c6e71a065bf6ef2e9158f10ade4b95"
        },
        {
          "type": "image",
          "assetId": "G0k6jx8M42",
          "checksum": "8bfc61515f06cc52cacdffcd471e029f"
        },
        {
          "type": "image",
          "assetId": "J---3ChNQH",
          "checksum": "ecada697d96a075a3b7720ee5c9fe460"
        },
        {
          "type": "image",
          "assetId": "pPG2Uy8p-y",
          "checksum": "d372d657abc3349330bb8722bf1798d8"
        },
        {
          "type": "image",
          "assetId": "h3tB8mN09C",
          "checksum": "867c2ec60aa277ecd0b9c685b4439b7c"
        },
        {
          "type": "image",
          "assetId": "p7dBwxLlwI",
          "checksum": "17a149db47ced6ab39e9bb0962b6a4c6"
        },
        {
          "type": "image",
          "assetId": "5sufQ0h26t",
          "checksum": "d3e45b53557505e939e17e32af19fa3c"
        },
        {
          "type": "image",
          "assetId": "DTsO_o5I5V",
          "checksum": "61b887224c263d5da773de45d077ec63"
        },
        {
          "type": "image",
          "assetId": "Ut82hbSlUa",
          "checksum": "6748fa3b3101d2c593e2d0e40964df3b"
        },
        {
          "type": "image",
          "assetId": "1ZKY5M4yGX",
          "checksum": "9279b6b74018a4186f116ae0b7113aed"
        },
        {
          "type": "image",
          "assetId": "MSB0wtv6LG",
          "checksum": "dc292096cc25b452e84516aef7fe6eb1"
        },
        {
          "type": "image",
          "assetId": "q1GVaJVgt",
          "checksum": "1c60bab2b0920def0596f739267dd276"
        },
        {
          "type": "image",
          "assetId": "Z6HNRCOri",
          "checksum": "7cb48c9e92f196cb1a0e05b816a884c8"
        },
        {
          "type": "image",
          "assetId": "yqgKx7Zf8",
          "checksum": "2fa477384ba2216123a16dda70618a2f"
        },
        {
          "type": "image",
          "assetId": "VAY7HHPMX",
          "checksum": "8693824775e4af762bb5d016dee926a7"
        },
        {
          "type": "image",
          "assetId": "aKSP3OVBA",
          "checksum": "c6dabdc6bc930de95d79c62c433163f0"
        },
        {
          "type": "image",
          "assetId": "VVUgGKq97",
          "checksum": "a468ab43cf7bcc3507df800e1e55e43f"
        },
        {
          "type": "image",
          "assetId": "xvP_607K96",
          "checksum": "5b755f7798f090424fb19037d65f218c"
        },
        {
          "type": "image",
          "assetId": "X1qVHC7vJp",
          "checksum": "1f06b48ab4ead523978d818b258df3f2"
        },
        {
          "type": "image",
          "assetId": "SX_YJINZb",
          "checksum": "484d20f9c3f143cde851ad40d96e49c2"
        },
        {
          "type": "image",
          "assetId": "ZOTs-kCEMV",
          "checksum": "8fcf936c5e8b69b597fbc7d34eb7d0e8"
        },
        {
          "type": "image",
          "assetId": "rzqfR9B6ZR",
          "checksum": "5504686284293c7a97c7272fa5031626"
        },
        {
          "type": "image",
          "assetId": "ryjiUahI8L",
          "checksum": "a0d11b0a1fa18a75ba98ba7a218223dc"
        },
        {
          "type": "image",
          "assetId": "2Ug8_nFiNe",
          "checksum": "516ca9283636c9651390cf11b5355a68"
        },
        {
          "type": "image",
          "assetId": "9jv_NZ7xF",
          "checksum": "31b5a20ff83c28153bf6727baf987fc6"
        },
        {
          "type": "image",
          "assetId": "EvngegQwR",
          "checksum": "bc898e53d72c9963e71414fbe70212aa"
        },
        {
          "type": "image",
          "assetId": "-1WHGiS6h",
          "checksum": "c7eb819fd54877fdeb4ded3ad4e0d4e8"
        },
        {
          "type": "image",
          "assetId": "PWh99pYpN",
          "checksum": "04bc31986512d9060cc399347b3e8fac"
        },
        {
          "type": "image",
          "assetId": "KNGqYWUMV",
          "checksum": "0c24314e687039a1b5722d333e783aca"
        }
      ],
      "codegenVersion": "0.0.1"
    }
  ],
  "cliVersion": "0.1.189"
}
